Microsoft Visual Studio Solution File, Format Version 12.00
# Visual Studio Version 17
VisualStudioVersion = 17.7.34221.43
MinimumVisualStudioVersion = 10.0.40219.1
Project("{9A19103F-16F7-4668-BE54-9A1E7A4F7556}") = "AdventureWorks.Domain", "AdventureWorks.Domain\AdventureWorks.Domain.csproj", "{F32892A2-E3EF-42F7-BAC8-74F8C704D821}"
EndProject
Project("{9A19103F-16F7-4668-BE54-9A1E7A4F7556}") = "AdventureWorks.SqlRepository", "AdventureWorks.SqlRepository\AdventureWorks.SqlRepository.csproj", "{A900B3C1-5663-4E61-A2E0-6AD6708DA8E2}"
EndProject
Project("{2150E333-8FDC-42A3-9474-1A3956D46DE8}") = "Solution Items", "Solution Items", "{BEA96446-C0B3-4763-9892-23DD1B6522DE}"
EndProject
Project("{9A19103F-16F7-4668-BE54-9A1E7A4F7556}") = "Tests.SqlRepository", "Tests\Tests.SqlRepository.csproj", "{2BE4D4F0-CB21-42F6-A05F-0A674ACBDFC4}"
EndProject
Project("{9A19103F-16F7-4668-BE54-9A1E7A4F7556}") = "AdventureWorks.Application", "AdventureWorks.Application\AdventureWorks.Application.csproj", "{A095E792-4B74-465C-9DD2-50A2D2173EEA}"
EndProject
Project("{9A19103F-16F7-4668-BE54-9A1E7A4F7556}") = "Tests.Domain", "Tests.Domain\Tests.Domain.csproj", "{A737502B-84E7-4F3C-8870-42E9C4281DB0}"
EndProject
Project("{9A19103F-16F7-4668-BE54-9A1E7A4F7556}") = "Tests.Application", "Tests.Application\Tests.Application.csproj", "{4D02E2FE-4E34-4912-88C9-7D9C6440F0E0}"
EndProject
Project("{9A19103F-16F7-4668-BE54-9A1E7A4F7556}") = "AdventureWorks.Common", "AdventureWorks.Common\AdventureWorks.Common.csproj", "{8DBCC82D-7145-4439-ABFD-BDF13DD8F837}"
EndProject
Project("{FAE04EC0-301F-11D3-BF4B-00C04F79EFBC}") = "Tests.Common", "Tests.Common\Tests.Common.csproj", "{40ACBA53-2122-458D-9098-303942CA2706}"
EndProject
Project("{FAE04EC0-301F-11D3-BF4B-00C04F79EFBC}") = "Tests.Shared", "Tests.Shared\Tests.Shared.csproj", "{48394A4B-B803-44FB-BF82-FAF83143D878}"
EndProject
Global
	GlobalSection(SolutionConfigurationPlatforms) = preSolution
		Debug|Any CPU = Debug|Any CPU
		Release|Any CPU = Release|Any CPU
	EndGlobalSection
	GlobalSection(ProjectConfigurationPlatforms) = postSolution
		{F32892A2-E3EF-42F7-BAC8-74F8C704D821}.Debug|Any CPU.ActiveCfg = Debug|Any CPU
		{F32892A2-E3EF-42F7-BAC8-74F8C704D821}.Debug|Any CPU.Build.0 = Debug|Any CPU
		{F32892A2-E3EF-42F7-BAC8-74F8C704D821}.Release|Any CPU.ActiveCfg = Release|Any CPU
		{F32892A2-E3EF-42F7-BAC8-74F8C704D821}.Release|Any CPU.Build.0 = Release|Any CPU
		{A900B3C1-5663-4E61-A2E0-6AD6708DA8E2}.Debug|Any CPU.ActiveCfg = Debug|Any CPU
		{A900B3C1-5663-4E61-A2E0-6AD6708DA8E2}.Debug|Any CPU.Build.0 = Debug|Any CPU
		{A900B3C1-5663-4E61-A2E0-6AD6708DA8E2}.Release|Any CPU.ActiveCfg = Release|Any CPU
		{A900B3C1-5663-4E61-A2E0-6AD6708DA8E2}.Release|Any CPU.Build.0 = Release|Any CPU
		{2BE4D4F0-CB21-42F6-A05F-0A674ACBDFC4}.Debug|Any CPU.ActiveCfg = Debug|Any CPU
		{2BE4D4F0-CB21-42F6-A05F-0A674ACBDFC4}.Debug|Any CPU.Build.0 = Debug|Any CPU
		{2BE4D4F0-CB21-42F6-A05F-0A674ACBDFC4}.Release|Any CPU.ActiveCfg = Release|Any CPU
		{2BE4D4F0-CB21-42F6-A05F-0A674ACBDFC4}.Release|Any CPU.Build.0 = Release|Any CPU
		{A095E792-4B74-465C-9DD2-50A2D2173EEA}.Debug|Any CPU.ActiveCfg = Debug|Any CPU
		{A095E792-4B74-465C-9DD2-50A2D2173EEA}.Debug|Any CPU.Build.0 = Debug|Any CPU
		{A095E792-4B74-465C-9DD2-50A2D2173EEA}.Release|Any CPU.ActiveCfg = Release|Any CPU
		{A095E792-4B74-465C-9DD2-50A2D2173EEA}.Release|Any CPU.Build.0 = Release|Any CPU
		{A737502B-84E7-4F3C-8870-42E9C4281DB0}.Debug|Any CPU.ActiveCfg = Debug|Any CPU
		{A737502B-84E7-4F3C-8870-42E9C4281DB0}.Debug|Any CPU.Build.0 = Debug|Any CPU
		{A737502B-84E7-4F3C-8870-42E9C4281DB0}.Release|Any CPU.ActiveCfg = Release|Any CPU
		{A737502B-84E7-4F3C-8870-42E9C4281DB0}.Release|Any CPU.Build.0 = Release|Any CPU
		{4D02E2FE-4E34-4912-88C9-7D9C6440F0E0}.Debug|Any CPU.ActiveCfg = Debug|Any CPU
		{4D02E2FE-4E34-4912-88C9-7D9C6440F0E0}.Debug|Any CPU.Build.0 = Debug|Any CPU
		{4D02E2FE-4E34-4912-88C9-7D9C6440F0E0}.Release|Any CPU.ActiveCfg = Release|Any CPU
		{4D02E2FE-4E34-4912-88C9-7D9C6440F0E0}.Release|Any CPU.Build.0 = Release|Any CPU
		{8DBCC82D-7145-4439-ABFD-BDF13DD8F837}.Debug|Any CPU.ActiveCfg = Debug|Any CPU
		{8DBCC82D-7145-4439-ABFD-BDF13DD8F837}.Debug|Any CPU.Build.0 = Debug|Any CPU
		{8DBCC82D-7145-4439-ABFD-BDF13DD8F837}.Release|Any CPU.ActiveCfg = Release|Any CPU
		{8DBCC82D-7145-4439-ABFD-BDF13DD8F837}.Release|Any CPU.Build.0 = Release|Any CPU
		{40ACBA53-2122-458D-9098-303942CA2706}.Debug|Any CPU.ActiveCfg = Debug|Any CPU
		{40ACBA53-2122-458D-9098-303942CA2706}.Debug|Any CPU.Build.0 = Debug|Any CPU
		{40ACBA53-2122-458D-9098-303942CA2706}.Release|Any CPU.ActiveCfg = Release|Any CPU
		{40ACBA53-2122-458D-9098-303942CA2706}.Release|Any CPU.Build.0 = Release|Any CPU
		{48394A4B-B803-44FB-BF82-FAF83143D878}.Debug|Any CPU.ActiveCfg = Debug|Any CPU
		{48394A4B-B803-44FB-BF82-FAF83143D878}.Debug|Any CPU.Build.0 = Debug|Any CPU
		{48394A4B-B803-44FB-BF82-FAF83143D878}.Release|Any CPU.ActiveCfg = Release|Any CPU
		{48394A4B-B803-44FB-BF82-FAF83143D878}.Release|Any CPU.Build.0 = Release|Any CPU
	EndGlobalSection
	GlobalSection(SolutionProperties) = preSolution
		HideSolutionNode = FALSE
	EndGlobalSection
	GlobalSection(ExtensibilityGlobals) = postSolution
		SolutionGuid = {6F29845D-538B-44E5-9E23-C8B4ABA5704A}
	EndGlobalSection
EndGlobal
